// !$*UTF8*$!
{
	archiveVersion = 1;
	classes = {
	};
	objectVersion = 50;
	objects = {

/* Begin PBXBuildFile section */
		200D37BB27200E3C148B34CB /* Pods_Pothole_DetectorUITests.framework in Frameworks */ = {isa = PBXBuildFile; fileRef = BA9C1ADBF51641A450E27B36 /* Pods_Pothole_DetectorUITests.framework */; };
		792CFFD1478DDAB1F5D6DA04 /* Pods_Pothole_Detector.framework in Frameworks */ = {isa = PBXBuildFile; fileRef = 5D20AD075DE9535542E54354 /* Pods_Pothole_Detector.framework */; };
		8B49C25B21B740C200293EBC /* PotholeModel.swift in Sources */ = {isa = PBXBuildFile; fileRef = 8B49C25A21B740C100293EBC /* PotholeModel.swift */; };
		8B52402F21B88AE300BE8559 /* detectedPothole.amr in Resources */ = {isa = PBXBuildFile; fileRef = 8B52402E21B88AC600BE8559 /* detectedPothole.amr */; };
		8B52403121B89E3600BE8559 /* detectedPothole.mp3 in Resources */ = {isa = PBXBuildFile; fileRef = 8B52403021B89E3600BE8559 /* detectedPothole.mp3 */; };
		8B52403521B8C75400BE8559 /* BaseViewController.swift in Sources */ = {isa = PBXBuildFile; fileRef = 8B52403421B8C75300BE8559 /* BaseViewController.swift */; };
		8B52403D21B8C90C00BE8559 /* MenuViewController.swift in Sources */ = {isa = PBXBuildFile; fileRef = 8B52403C21B8C90C00BE8559 /* MenuViewController.swift */; };
		8B52404321B8F30700BE8559 /* NeighborhoodScoreViewController.swift in Sources */ = {isa = PBXBuildFile; fileRef = 8B52404221B8F30700BE8559 /* NeighborhoodScoreViewController.swift */; };
		8B52404521B8F60D00BE8559 /* NeighborhoodScoreTableViewCell.swift in Sources */ = {isa = PBXBuildFile; fileRef = 8B52404421B8F60D00BE8559 /* NeighborhoodScoreTableViewCell.swift */; };
		8B9AC88D21BDB895000D49FE /* SpeechTranslator.swift in Sources */ = {isa = PBXBuildFile; fileRef = 8B9AC88C21BDB895000D49FE /* SpeechTranslator.swift */; };
		8B9AC88F21BDE6F8000D49FE /* NeighborhoodDetailViewController.swift in Sources */ = {isa = PBXBuildFile; fileRef = 8B9AC88E21BDE6F8000D49FE /* NeighborhoodDetailViewController.swift */; };
		8B9AC89121BDF943000D49FE /* RankingUserTableViewCell.swift in Sources */ = {isa = PBXBuildFile; fileRef = 8B9AC89021BDF943000D49FE /* RankingUserTableViewCell.swift */; };
		8B9AC89321BE0B80000D49FE /* UserListModel.swift in Sources */ = {isa = PBXBuildFile; fileRef = 8B9AC89221BE0B80000D49FE /* UserListModel.swift */; };
		8B9AC89521BE0BA7000D49FE /* PotHoleRankingModel.swift in Sources */ = {isa = PBXBuildFile; fileRef = 8B9AC89421BE0BA7000D49FE /* PotHoleRankingModel.swift */; };
		8BF873B021B306840041CCF1 /* AppDelegate.swift in Sources */ = {isa = PBXBuildFile; fileRef = 8BF873AF21B306840041CCF1 /* AppDelegate.swift */; };
		8BF873B221B306840041CCF1 /* DashboardViewController.swift in Sources */ = {isa = PBXBuildFile; fileRef = 8BF873B121B306840041CCF1 /* DashboardViewController.swift */; };
		8BF873B521B306840041CCF1 /* Main.storyboard in Resources */ = {isa = PBXBuildFile; fileRef = 8BF873B321B306840041CCF1 /* Main.storyboard */; };
		8BF873B721B306880041CCF1 /* Assets.xcassets in Resources */ = {isa = PBXBuildFile; fileRef = 8BF873B621B306880041CCF1 /* Assets.xcassets */; };
		8BF873BA21B306880041CCF1 /* LaunchScreen.storyboard in Resources */ = {isa = PBXBuildFile; fileRef = 8BF873B821B306880041CCF1 /* LaunchScreen.storyboard */; };
		8BF873C521B306880041CCF1 /* Pothole_DetectorTests.swift in Sources */ = {isa = PBXBuildFile; fileRef = 8BF873C421B306880041CCF1 /* Pothole_DetectorTests.swift */; };
		8BF873D021B306880041CCF1 /* Pothole_DetectorUITests.swift in Sources */ = {isa = PBXBuildFile; fileRef = 8BF873CF21B306880041CCF1 /* Pothole_DetectorUITests.swift */; };
		B19D5B4D32781808CED4739F /* Pods_Pothole_DetectorTests.framework in Frameworks */ = {isa = PBXBuildFile; fileRef = 366058C499C9F4C5756E90B2 /* Pods_Pothole_DetectorTests.framework */; };
/* End PBXBuildFile section */

/* Begin PBXContainerItemProxy section */
		8BF873C121B306880041CCF1 /* PBXContainerItemProxy */ = {
			isa = PBXContainerItemProxy;
			containerPortal = 8BF873A421B306840041CCF1 /* Project object */;
			proxyType = 1;
			remoteGlobalIDString = 8BF873AB21B306840041CCF1;
			remoteInfo = "Pothole Detector";
		};
		8BF873CC21B306880041CCF1 /* PBXContainerItemProxy */ = {
			isa = PBXContainerItemProxy;
			containerPortal = 8BF873A421B306840041CCF1 /* Project object */;
			proxyType = 1;
			remoteGlobalIDString = 8BF873AB21B306840041CCF1;
			remoteInfo = "Pothole Detector";
		};
/* End PBXContainerItemProxy section */

/* Begin PBXFileReference section */
		019102B5942722E4D6F90888 /* Pods-Pothole DetectorTests.debug.xcconfig */ = {isa = PBXFileReference; includeInIndex = 1; lastKnownFileType = text.xcconfig; name = "Pods-Pothole DetectorTests.debug.xcconfig"; path = "Pods/Target Support Files/Pods-Pothole DetectorTests/Pods-Pothole DetectorTests.debug.xcconfig"; sourceTree = "<group>"; };
		083E09CCAD70ECDC5C1C80AF /* Pods-Pothole DetectorTests.release.xcconfig */ = {isa = PBXFileReference; includeInIndex = 1; lastKnownFileType = text.xcconfig; name = "Pods-Pothole DetectorTests.release.xcconfig"; path = "Pods/Target Support Files/Pods-Pothole DetectorTests/Pods-Pothole DetectorTests.release.xcconfig"; sourceTree = "<group>"; };
		176FC030822C8922E54BB48B /* Pods-Pothole Detector.release.xcconfig */ = {isa = PBXFileReference; includeInIndex = 1; lastKnownFileType = text.xcconfig; name = "Pods-Pothole Detector.release.xcconfig"; path = "Pods/Target Support Files/Pods-Pothole Detector/Pods-Pothole Detector.release.xcconfig"; sourceTree = "<group>"; };
		366058C499C9F4C5756E90B2 /* Pods_Pothole_DetectorTests.framework */ = {isa = PBXFileReference; explicitFileType = wrapper.framework; includeInIndex = 0; path = Pods_Pothole_DetectorTests.framework; sourceTree = BUILT_PRODUCTS_DIR; };
		5D20AD075DE9535542E54354 /* Pods_Pothole_Detector.framework */ = {isa = PBXFileReference; explicitFileType = wrapper.framework; includeInIndex = 0; path = Pods_Pothole_Detector.framework; sourceTree = BUILT_PRODUCTS_DIR; };
		84F8B135ACF7FDB375434C87 /* Pods-Pothole DetectorUITests.release.xcconfig */ = {isa = PBXFileReference; includeInIndex = 1; lastKnownFileType = text.xcconfig; name = "Pods-Pothole DetectorUITests.release.xcconfig"; path = "Pods/Target Support Files/Pods-Pothole DetectorUITests/Pods-Pothole DetectorUITests.release.xcconfig"; sourceTree = "<group>"; };
		8B49C25A21B740C100293EBC /* PotholeModel.swift */ = {isa = PBXFileReference; lastKnownFileType = sourcecode.swift; path = PotholeModel.swift; sourceTree = "<group>"; };
		8B52402E21B88AC600BE8559 /* detectedPothole.amr */ = {isa = PBXFileReference; lastKnownFileType = file; path = detectedPothole.amr; sourceTree = "<group>"; };
		8B52403021B89E3600BE8559 /* detectedPothole.mp3 */ = {isa = PBXFileReference; lastKnownFileType = audio.mp3; path = detectedPothole.mp3; sourceTree = "<group>"; };
		8B52403421B8C75300BE8559 /* BaseViewController.swift */ = {isa = PBXFileReference; fileEncoding = 4; lastKnownFileType = sourcecode.swift; name = BaseViewController.swift; path = "../../../Downloads/AKSwiftSlideMenu-master/AKSwiftSlideMenu/BaseViewController.swift"; sourceTree = "<group>"; };
		8B52403C21B8C90C00BE8559 /* MenuViewController.swift */ = {isa = PBXFileReference; lastKnownFileType = sourcecode.swift; path = MenuViewController.swift; sourceTree = "<group>"; };
		8B52404221B8F30700BE8559 /* NeighborhoodScoreViewController.swift */ = {isa = PBXFileReference; lastKnownFileType = sourcecode.swift; path = NeighborhoodScoreViewController.swift; sourceTree = "<group>"; };
		8B52404421B8F60D00BE8559 /* NeighborhoodScoreTableViewCell.swift */ = {isa = PBXFileReference; lastKnownFileType = sourcecode.swift; path = NeighborhoodScoreTableViewCell.swift; sourceTree = "<group>"; };
		8B9AC88C21BDB895000D49FE /* SpeechTranslator.swift */ = {isa = PBXFileReference; lastKnownFileType = sourcecode.swift; path = SpeechTranslator.swift; sourceTree = "<group>"; };
		8B9AC88E21BDE6F8000D49FE /* NeighborhoodDetailViewController.swift */ = {isa = PBXFileReference; lastKnownFileType = sourcecode.swift; path = NeighborhoodDetailViewController.swift; sourceTree = "<group>"; };
		8B9AC89021BDF943000D49FE /* RankingUserTableViewCell.swift */ = {isa = PBXFileReference; lastKnownFileType = sourcecode.swift; path = RankingUserTableViewCell.swift; sourceTree = "<group>"; };
		8B9AC89221BE0B80000D49FE /* UserListModel.swift */ = {isa = PBXFileReference; lastKnownFileType = sourcecode.swift; path = UserListModel.swift; sourceTree = "<group>"; };
		8B9AC89421BE0BA7000D49FE /* PotHoleRankingModel.swift */ = {isa = PBXFileReference; lastKnownFileType = sourcecode.swift; path = PotHoleRankingModel.swift; sourceTree = "<group>"; };
		8BF873AC21B306840041CCF1 /* Pothole Detector.app */ = {isa = PBXFileReference; explicitFileType = wrapper.application; includeInIndex = 0; path = "Pothole Detector.app"; sourceTree = BUILT_PRODUCTS_DIR; };
		8BF873AF21B306840041CCF1 /* AppDelegate.swift */ = {isa = PBXFileReference; lastKnownFileType = sourcecode.swift; path = AppDelegate.swift; sourceTree = "<group>"; };
		8BF873B121B306840041CCF1 /* DashboardViewController.swift */ = {isa = PBXFileReference; lastKnownFileType = sourcecode.swift; path = DashboardViewController.swift; sourceTree = "<group>"; };
		8BF873B421B306840041CCF1 /* Base */ = {isa = PBXFileReference; lastKnownFileType = file.storyboard; name = Base; path = Base.lproj/Main.storyboard; sourceTree = "<group>"; };
		8BF873B621B306880041CCF1 /* Assets.xcassets */ = {isa = PBXFileReference; lastKnownFileType = folder.assetcatalog; path = Assets.xcassets; sourceTree = "<group>"; };
		8BF873B921B306880041CCF1 /* Base */ = {isa = PBXFileReference; lastKnownFileType = file.storyboard; name = Base; path = Base.lproj/LaunchScreen.storyboard; sourceTree = "<group>"; };
		8BF873BB21B306880041CCF1 /* Info.plist */ = {isa = PBXFileReference; lastKnownFileType = text.plist.xml; path = Info.plist; sourceTree = "<group>"; };
		8BF873C021B306880041CCF1 /* Pothole DetectorTests.xctest */ = {isa = PBXFileReference; explicitFileType = wrapper.cfbundle; includeInIndex = 0; path = "Pothole DetectorTests.xctest"; sourceTree = BUILT_PRODUCTS_DIR; };
		8BF873C421B306880041CCF1 /* Pothole_DetectorTests.swift */ = {isa = PBXFileReference; lastKnownFileType = sourcecode.swift; path = Pothole_DetectorTests.swift; sourceTree = "<group>"; };
		8BF873C621B306880041CCF1 /* Info.plist */ = {isa = PBXFileReference; lastKnownFileType = text.plist.xml; path = Info.plist; sourceTree = "<group>"; };
		8BF873CB21B306880041CCF1 /* Pothole DetectorUITests.xctest */ = {isa = PBXFileReference; explicitFileType = wrapper.cfbundle; includeInIndex = 0; path = "Pothole DetectorUITests.xctest"; sourceTree = BUILT_PRODUCTS_DIR; };
		8BF873CF21B306880041CCF1 /* Pothole_DetectorUITests.swift */ = {isa = PBXFileReference; lastKnownFileType = sourcecode.swift; path = Pothole_DetectorUITests.swift; sourceTree = "<group>"; };
		8BF873D121B306880041CCF1 /* Info.plist */ = {isa = PBXFileReference; lastKnownFileType = text.plist.xml; path = Info.plist; sourceTree = "<group>"; };
		ADAA9167BF58ACF2ED925715 /* Pods-Pothole Detector.debug.xcconfig */ = {isa = PBXFileReference; includeInIndex = 1; lastKnownFileType = text.xcconfig; name = "Pods-Pothole Detector.debug.xcconfig"; path = "Pods/Target Support Files/Pods-Pothole Detector/Pods-Pothole Detector.debug.xcconfig"; sourceTree = "<group>"; };
		BA9C1ADBF51641A450E27B36 /* Pods_Pothole_DetectorUITests.framework */ = {isa = PBXFileReference; explicitFileType = wrapper.framework; includeInIndex = 0; path = Pods_Pothole_DetectorUITests.framework; sourceTree = BUILT_PRODUCTS_DIR; };
		EA483120B5575EB4AE8D4761 /* Pods-Pothole DetectorUITests.debug.xcconfig */ = {isa = PBXFileReference; includeInIndex = 1; lastKnownFileType = text.xcconfig; name = "Pods-Pothole DetectorUITests.debug.xcconfig"; path = "Pods/Target Support Files/Pods-Pothole DetectorUITests/Pods-Pothole DetectorUITests.debug.xcconfig"; sourceTree = "<group>"; };
/* End PBXFileReference section */

/* Begin PBXFrameworksBuildPhase section */
		8BF873A921B306840041CCF1 /* Frameworks */ = {
			isa = PBXFrameworksBuildPhase;
			buildActionMask = 2147483647;
			files = (
				792CFFD1478DDAB1F5D6DA04 /* Pods_Pothole_Detector.framework in Frameworks */,
			);
			runOnlyForDeploymentPostprocessing = 0;
		};
		8BF873BD21B306880041CCF1 /* Frameworks */ = {
			isa = PBXFrameworksBuildPhase;
			buildActionMask = 2147483647;
			files = (
				B19D5B4D32781808CED4739F /* Pods_Pothole_DetectorTests.framework in Frameworks */,
			);
			runOnlyForDeploymentPostprocessing = 0;
		};
		8BF873C821B306880041CCF1 /* Frameworks */ = {
			isa = PBXFrameworksBuildPhase;
			buildActionMask = 2147483647;
			files = (
				200D37BB27200E3C148B34CB /* Pods_Pothole_DetectorUITests.framework in Frameworks */,
			);
			runOnlyForDeploymentPostprocessing = 0;
		};
/* End PBXFrameworksBuildPhase section */

/* Begin PBXGroup section */
		0F7109A581064B5E7CE46117 /* Frameworks */ = {
			isa = PBXGroup;
			children = (
				5D20AD075DE9535542E54354 /* Pods_Pothole_Detector.framework */,
				366058C499C9F4C5756E90B2 /* Pods_Pothole_DetectorTests.framework */,
				BA9C1ADBF51641A450E27B36 /* Pods_Pothole_DetectorUITests.framework */,
			);
			name = Frameworks;
			sourceTree = "<group>";
		};
		8BF873A321B306840041CCF1 = {
			isa = PBXGroup;
			children = (
				8B52403021B89E3600BE8559 /* detectedPothole.mp3 */,
				8B52402E21B88AC600BE8559 /* detectedPothole.amr */,
				8BF873AE21B306840041CCF1 /* Pothole Detector */,
				8BF873C321B306880041CCF1 /* Pothole DetectorTests */,
				8BF873CE21B306880041CCF1 /* Pothole DetectorUITests */,
				8BF873AD21B306840041CCF1 /* Products */,
				E605A1C97C6FDF81ABF0C0F7 /* Pods */,
				0F7109A581064B5E7CE46117 /* Frameworks */,
			);
			sourceTree = "<group>";
		};
		8BF873AD21B306840041CCF1 /* Products */ = {
			isa = PBXGroup;
			children = (
				8BF873AC21B306840041CCF1 /* Pothole Detector.app */,
				8BF873C021B306880041CCF1 /* Pothole DetectorTests.xctest */,
				8BF873CB21B306880041CCF1 /* Pothole DetectorUITests.xctest */,
			);
			name = Products;
			sourceTree = "<group>";
		};
		8BF873AE21B306840041CCF1 /* Pothole Detector */ = {
			isa = PBXGroup;
			children = (
				8B52404221B8F30700BE8559 /* NeighborhoodScoreViewController.swift */,
				8B52403421B8C75300BE8559 /* BaseViewController.swift */,
				8BF873AF21B306840041CCF1 /* AppDelegate.swift */,
				8BF873B121B306840041CCF1 /* DashboardViewController.swift */,
				8BF873B321B306840041CCF1 /* Main.storyboard */,
				8B52404421B8F60D00BE8559 /* NeighborhoodScoreTableViewCell.swift */,
				8BF873B621B306880041CCF1 /* Assets.xcassets */,
				8BF873B821B306880041CCF1 /* LaunchScreen.storyboard */,
				8BF873BB21B306880041CCF1 /* Info.plist */,
				8B49C25A21B740C100293EBC /* PotholeModel.swift */,
				8B52403C21B8C90C00BE8559 /* MenuViewController.swift */,
				8B9AC88C21BDB895000D49FE /* SpeechTranslator.swift */,
				8B9AC88E21BDE6F8000D49FE /* NeighborhoodDetailViewController.swift */,
				8B9AC89021BDF943000D49FE /* RankingUserTableViewCell.swift */,
				8B9AC89221BE0B80000D49FE /* UserListModel.swift */,
				8B9AC89421BE0BA7000D49FE /* PotHoleRankingModel.swift */,
			);
			path = "Pothole Detector";
			sourceTree = "<group>";
		};
		8BF873C321B306880041CCF1 /* Pothole DetectorTests */ = {
			isa = PBXGroup;
			children = (
				8BF873C421B306880041CCF1 /* Pothole_DetectorTests.swift */,
				8BF873C621B306880041CCF1 /* Info.plist */,
			);
			path = "Pothole DetectorTests";
			sourceTree = "<group>";
		};
		8BF873CE21B306880041CCF1 /* Pothole DetectorUITests */ = {
			isa = PBXGroup;
			children = (
				8BF873CF21B306880041CCF1 /* Pothole_DetectorUITests.swift */,
				8BF873D121B306880041CCF1 /* Info.plist */,
			);
			path = "Pothole DetectorUITests";
			sourceTree = "<group>";
		};
		E605A1C97C6FDF81ABF0C0F7 /* Pods */ = {
			isa = PBXGroup;
			children = (
				ADAA9167BF58ACF2ED925715 /* Pods-Pothole Detector.debug.xcconfig */,
				176FC030822C8922E54BB48B /* Pods-Pothole Detector.release.xcconfig */,
				019102B5942722E4D6F90888 /* Pods-Pothole DetectorTests.debug.xcconfig */,
				083E09CCAD70ECDC5C1C80AF /* Pods-Pothole DetectorTests.release.xcconfig */,
				EA483120B5575EB4AE8D4761 /* Pods-Pothole DetectorUITests.debug.xcconfig */,
				84F8B135ACF7FDB375434C87 /* Pods-Pothole DetectorUITests.release.xcconfig */,
			);
			name = Pods;
			sourceTree = "<group>";
		};
/* End PBXGroup section */

/* Begin PBXNativeTarget section */
		8BF873AB21B306840041CCF1 /* Pothole Detector */ = {
			isa = PBXNativeTarget;
			buildConfigurationList = 8BF873D421B306880041CCF1 /* Build configuration list for PBXNativeTarget "Pothole Detector" */;
			buildPhases = (
				9C29B8BA3EA5231E77895C95 /* [CP] Check Pods Manifest.lock */,
				8BF873A821B306840041CCF1 /* Sources */,
				8BF873A921B306840041CCF1 /* Frameworks */,
				8BF873AA21B306840041CCF1 /* Resources */,
				946D9573CE067B3DA1A6E6B5 /* [CP] Embed Pods Frameworks */,
				8CC494F6A6E955CDDFD66FF5 /* [CP] Copy Pods Resources */,
			);
			buildRules = (
			);
			dependencies = (
			);
			name = "Pothole Detector";
			productName = "Pothole Detector";
			productReference = 8BF873AC21B306840041CCF1 /* Pothole Detector.app */;
			productType = "com.apple.product-type.application";
		};
		8BF873BF21B306880041CCF1 /* Pothole DetectorTests */ = {
			isa = PBXNativeTarget;
			buildConfigurationList = 8BF873D721B306880041CCF1 /* Build configuration list for PBXNativeTarget "Pothole DetectorTests" */;
			buildPhases = (
				36ED8561133FDFE367D192AC /* [CP] Check Pods Manifest.lock */,
				8BF873BC21B306880041CCF1 /* Sources */,
				8BF873BD21B306880041CCF1 /* Frameworks */,
				8BF873BE21B306880041CCF1 /* Resources */,
				2F12217EF85030B6CF9F62E5 /* [CP] Embed Pods Frameworks */,
				61A5388CA1045EB6F8802E8F /* [CP] Copy Pods Resources */,
			);
			buildRules = (
			);
			dependencies = (
				8BF873C221B306880041CCF1 /* PBXTargetDependency */,
			);
			name = "Pothole DetectorTests";
			productName = "Pothole DetectorTests";
			productReference = 8BF873C021B306880041CCF1 /* Pothole DetectorTests.xctest */;
			productType = "com.apple.product-type.bundle.unit-test";
		};
		8BF873CA21B306880041CCF1 /* Pothole DetectorUITests */ = {
			isa = PBXNativeTarget;
			buildConfigurationList = 8BF873DA21B306880041CCF1 /* Build configuration list for PBXNativeTarget "Pothole DetectorUITests" */;
			buildPhases = (
				0C88F59F0CAC19C83707F56E /* [CP] Check Pods Manifest.lock */,
				8BF873C721B306880041CCF1 /* Sources */,
				8BF873C821B306880041CCF1 /* Frameworks */,
				8BF873C921B306880041CCF1 /* Resources */,
				5D78818B3926F17A559B83D7 /* [CP] Embed Pods Frameworks */,
				C871412A958ADD12C744179F /* [CP] Copy Pods Resources */,
			);
			buildRules = (
			);
			dependencies = (
				8BF873CD21B306880041CCF1 /* PBXTargetDependency */,
			);
			name = "Pothole DetectorUITests";
			productName = "Pothole DetectorUITests";
			productReference = 8BF873CB21B306880041CCF1 /* Pothole DetectorUITests.xctest */;
			productType = "com.apple.product-type.bundle.ui-testing";
		};
/* End PBXNativeTarget section */

/* Begin PBXProject section */
		8BF873A421B306840041CCF1 /* Project object */ = {
			isa = PBXProject;
			attributes = {
				LastSwiftUpdateCheck = 1010;
				LastUpgradeCheck = 1010;
				ORGANIZATIONNAME = "Tega Adigu";
				TargetAttributes = {
					8BF873AB21B306840041CCF1 = {
						CreatedOnToolsVersion = 10.1;
					};
					8BF873BF21B306880041CCF1 = {
						CreatedOnToolsVersion = 10.1;
						TestTargetID = 8BF873AB21B306840041CCF1;
					};
					8BF873CA21B306880041CCF1 = {
						CreatedOnToolsVersion = 10.1;
						TestTargetID = 8BF873AB21B306840041CCF1;
					};
				};
			};
			buildConfigurationList = 8BF873A721B306840041CCF1 /* Build configuration list for PBXProject "Pothole Detector" */;
			compatibilityVersion = "Xcode 9.3";
			developmentRegion = en;
			hasScannedForEncodings = 0;
			knownRegions = (
				en,
				Base,
			);
			mainGroup = 8BF873A321B306840041CCF1;
			productRefGroup = 8BF873AD21B306840041CCF1 /* Products */;
			projectDirPath = "";
			projectRoot = "";
			targets = (
				8BF873AB21B306840041CCF1 /* Pothole Detector */,
				8BF873BF21B306880041CCF1 /* Pothole DetectorTests */,
				8BF873CA21B306880041CCF1 /* Pothole DetectorUITests */,
			);
		};
/* End PBXProject section */

/* Begin PBXResourcesBuildPhase section */
		8BF873AA21B306840041CCF1 /* Resources */ = {
			isa = PBXResourcesBuildPhase;
			buildActionMask = 2147483647;
			files = (
				8B52402F21B88AE300BE8559 /* detectedPothole.amr in Resources */,
				8BF873BA21B306880041CCF1 /* LaunchScreen.storyboard in Resources */,
				8BF873B721B306880041CCF1 /* Assets.xcassets in Resources */,
				8B52403121B89E3600BE8559 /* detectedPothole.mp3 in Resources */,
				8BF873B521B306840041CCF1 /* Main.storyboard in Resources */,
			);
			runOnlyForDeploymentPostprocessing = 0;
		};
		8BF873BE21B306880041CCF1 /* Resources */ = {
			isa = PBXResourcesBuildPhase;
			buildActionMask = 2147483647;
			files = (
			);
			runOnlyForDeploymentPostprocessing = 0;
		};
		8BF873C921B306880041CCF1 /* Resources */ = {
			isa = PBXResourcesBuildPhase;
			buildActionMask = 2147483647;
			files = (
			);
			runOnlyForDeploymentPostprocessing = 0;
		};
/* End PBXResourcesBuildPhase section */

/* Begin PBXShellScriptBuildPhase section */
		0C88F59F0CAC19C83707F56E /* [CP] Check Pods Manifest.lock */ = {
			isa = PBXShellScriptBuildPhase;
			buildActionMask = 2147483647;
			files = (
			);
			inputPaths = (
				"${PODS_PODFILE_DIR_PATH}/Podfile.lock",
				"${PODS_ROOT}/Manifest.lock",
			);
			name = "[CP] Check Pods Manifest.lock";
			outputPaths = (
				"$(DERIVED_FILE_DIR)/Pods-Pothole DetectorUITests-checkManifestLockResult.txt",
			);
			runOnlyForDeploymentPostprocessing = 0;
			shellPath = /bin/sh;
			shellScript = "diff \"${PODS_PODFILE_DIR_PATH}/Podfile.lock\" \"${PODS_ROOT}/Manifest.lock\" > /dev/null\nif [ $? != 0 ] ; then\n    # print error to STDERR\n    echo \"error: The sandbox is not in sync with the Podfile.lock. Run 'pod install' or update your CocoaPods installation.\" >&2\n    exit 1\nfi\n# This output is used by Xcode 'outputs' to avoid re-running this script phase.\necho \"SUCCESS\" > \"${SCRIPT_OUTPUT_FILE_0}\"\n";
			showEnvVarsInLog = 0;
		};
		2F12217EF85030B6CF9F62E5 /* [CP] Embed Pods Frameworks */ = {
			isa = PBXShellScriptBuildPhase;
			buildActionMask = 2147483647;
			files = (
			);
			inputPaths = (
			);
			name = "[CP] Embed Pods Frameworks";
			outputPaths = (
			);
			runOnlyForDeploymentPostprocessing = 0;
			shellPath = /bin/sh;
			shellScript = "\"${SRCROOT}/Pods/Target Support Files/Pods-Pothole DetectorTests/Pods-Pothole DetectorTests-frameworks.sh\"\n";
			showEnvVarsInLog = 0;
		};
		36ED8561133FDFE367D192AC /* [CP] Check Pods Manifest.lock */ = {
			isa = PBXShellScriptBuildPhase;
			buildActionMask = 2147483647;
			files = (
			);
			inputPaths = (
				"${PODS_PODFILE_DIR_PATH}/Podfile.lock",
				"${PODS_ROOT}/Manifest.lock",
			);
			name = "[CP] Check Pods Manifest.lock";
			outputPaths = (
				"$(DERIVED_FILE_DIR)/Pods-Pothole DetectorTests-checkManifestLockResult.txt",
			);
			runOnlyForDeploymentPostprocessing = 0;
			shellPath = /bin/sh;
			shellScript = "diff \"${PODS_PODFILE_DIR_PATH}/Podfile.lock\" \"${PODS_ROOT}/Manifest.lock\" > /dev/null\nif [ $? != 0 ] ; then\n    # print error to STDERR\n    echo \"error: The sandbox is not in sync with the Podfile.lock. Run 'pod install' or update your CocoaPods installation.\" >&2\n    exit 1\nfi\n# This output is used by Xcode 'outputs' to avoid re-running this script phase.\necho \"SUCCESS\" > \"${SCRIPT_OUTPUT_FILE_0}\"\n";
			showEnvVarsInLog = 0;
		};
		5D78818B3926F17A559B83D7 /* [CP] Embed Pods Frameworks */ = {
			isa = PBXShellScriptBuildPhase;
			buildActionMask = 2147483647;
			files = (
			);
			inputPaths = (
			);
			name = "[CP] Embed Pods Frameworks";
			outputPaths = (
			);
			runOnlyForDeploymentPostprocessing = 0;
			shellPath = /bin/sh;
			shellScript = "\"${SRCROOT}/Pods/Target Support Files/Pods-Pothole DetectorUITests/Pods-Pothole DetectorUITests-frameworks.sh\"\n";
			showEnvVarsInLog = 0;
		};
		61A5388CA1045EB6F8802E8F /* [CP] Copy Pods Resources */ = {
			isa = PBXShellScriptBuildPhase;
			buildActionMask = 2147483647;
			files = (
			);
			inputPaths = (
			);
			name = "[CP] Copy Pods Resources";
			outputPaths = (
			);
			runOnlyForDeploymentPostprocessing = 0;
			shellPath = /bin/sh;
			shellScript = "\"${SRCROOT}/Pods/Target Support Files/Pods-Pothole DetectorTests/Pods-Pothole DetectorTests-resources.sh\"\n";
			showEnvVarsInLog = 0;
		};
		8CC494F6A6E955CDDFD66FF5 /* [CP] Copy Pods Resources */ = {
			isa = PBXShellScriptBuildPhase;
			buildActionMask = 2147483647;
			files = (
			);
			inputPaths = (
			);
			name = "[CP] Copy Pods Resources";
			outputPaths = (
			);
			runOnlyForDeploymentPostprocessing = 0;
			shellPath = /bin/sh;
			shellScript = "\"${SRCROOT}/Pods/Target Support Files/Pods-Pothole Detector/Pods-Pothole Detector-resources.sh\"\n";
			showEnvVarsInLog = 0;
		};
		946D9573CE067B3DA1A6E6B5 /* [CP] Embed Pods Frameworks */ = {
			isa = PBXShellScriptBuildPhase;
			buildActionMask = 2147483647;
			files = (
			);
			inputPaths = (
				"${SRCROOT}/Pods/Target Support Files/Pods-Pothole Detector/Pods-Pothole Detector-frameworks.sh",
				"${BUILT_PRODUCTS_DIR}/SideMenu/SideMenu.framework",
			);
			name = "[CP] Embed Pods Frameworks";
			outputPaths = (
				"${TARGET_BUILD_DIR}/${FRAMEWORKS_FOLDER_PATH}/SideMenu.framework",
			);
			runOnlyForDeploymentPostprocessing = 0;
			shellPath = /bin/sh;
			shellScript = "\"${SRCROOT}/Pods/Target Support Files/Pods-Pothole Detector/Pods-Pothole Detector-frameworks.sh\"\n";
			showEnvVarsInLog = 0;
		};
		9C29B8BA3EA5231E77895C95 /* [CP] Check Pods Manifest.lock */ = {
			isa = PBXShellScriptBuildPhase;
			buildActionMask = 2147483647;
			files = (
			);
			inputPaths = (
				"${PODS_PODFILE_DIR_PATH}/Podfile.lock",
				"${PODS_ROOT}/Manifest.lock",
			);
			name = "[CP] Check Pods Manifest.lock";
			outputPaths = (
				"$(DERIVED_FILE_DIR)/Pods-Pothole Detector-checkManifestLockResult.txt",
			);
			runOnlyForDeploymentPostprocessing = 0;
			shellPath = /bin/sh;
			shellScript = "diff \"${PODS_PODFILE_DIR_PATH}/Podfile.lock\" \"${PODS_ROOT}/Manifest.lock\" > /dev/null\nif [ $? != 0 ] ; then\n    # print error to STDERR\n    echo \"error: The sandbox is not in sync with the Podfile.lock. Run 'pod install' or update your CocoaPods installation.\" >&2\n    exit 1\nfi\n# This output is used by Xcode 'outputs' to avoid re-running this script phase.\necho \"SUCCESS\" > \"${SCRIPT_OUTPUT_FILE_0}\"\n";
			showEnvVarsInLog = 0;
		};
		C871412A958ADD12C744179F /* [CP] Copy Pods Resources */ = {
			isa = PBXShellScriptBuildPhase;
			buildActionMask = 2147483647;
			files = (
			);
			inputPaths = (
			);
			name = "[CP] Copy Pods Resources";
			outputPaths = (
			);
			runOnlyForDeploymentPostprocessing = 0;
			shellPath = /bin/sh;
			shellScript = "\"${SRCROOT}/Pods/Target Support Files/Pods-Pothole DetectorUITests/Pods-Pothole DetectorUITests-resources.sh\"\n";
			showEnvVarsInLog = 0;
		};
/* End PBXShellScriptBuildPhase section */

/* Begin PBXSourcesBuildPhase section */
		8BF873A821B306840041CCF1 /* Sources */ = {
			isa = PBXSourcesBuildPhase;
			buildActionMask = 2147483647;
			files = (
				8B49C25B21B740C200293EBC /* PotholeModel.swift in Sources */,
				8B52403521B8C75400BE8559 /* BaseViewController.swift in Sources */,
				8B9AC89521BE0BA7000D49FE /* PotHoleRankingModel.swift in Sources */,
				8B9AC89321BE0B80000D49FE /* UserListModel.swift in Sources */,
				8BF873B221B306840041CCF1 /* DashboardViewController.swift in Sources */,
				8B9AC88D21BDB895000D49FE /* SpeechTranslator.swift in Sources */,
				8B52404321B8F30700BE8559 /* NeighborhoodScoreViewController.swift in Sources */,
				8B9AC88F21BDE6F8000D49FE /* NeighborhoodDetailViewController.swift in Sources */,
				8B52403D21B8C90C00BE8559 /* MenuViewController.swift in Sources */,
				8B9AC89121BDF943000D49FE /* RankingUserTableViewCell.swift in Sources */,
				8B52404521B8F60D00BE8559 /* NeighborhoodScoreTableViewCell.swift in Sources */,
				8BF873B021B306840041CCF1 /* AppDelegate.swift in Sources */,
			);
			runOnlyForDeploymentPostprocessing = 0;
		};
		8BF873BC21B306880041CCF1 /* Sources */ = {
			isa = PBXSourcesBuildPhase;
			buildActionMask = 2147483647;
			files = (
				8BF873C521B306880041CCF1 /* Pothole_DetectorTests.swift in Sources */,
			);
			runOnlyForDeploymentPostprocessing = 0;
		};
		8BF873C721B306880041CCF1 /* Sources */ = {
			isa = PBXSourcesBuildPhase;
			buildActionMask = 2147483647;
			files = (
				8BF873D021B306880041CCF1 /* Pothole_DetectorUITests.swift in Sources */,
			);
			runOnlyForDeploymentPostprocessing = 0;
		};
/* End PBXSourcesBuildPhase section */

/* Begin PBXTargetDependency section */
		8BF873C221B306880041CCF1 /* PBXTargetDependency */ = {
			isa = PBXTargetDependency;
			target = 8BF873AB21B306840041CCF1 /* Pothole Detector */;
			targetProxy = 8BF873C121B306880041CCF1 /* PBXContainerItemProxy */;
		};
		8BF873CD21B306880041CCF1 /* PBXTargetDependency */ = {
			isa = PBXTargetDependency;
			target = 8BF873AB21B306840041CCF1 /* Pothole Detector */;
			targetProxy = 8BF873CC21B306880041CCF1 /* PBXContainerItemProxy */;
		};
/* End PBXTargetDependency section */

/* Begin PBXVariantGroup section */
		8BF873B321B306840041CCF1 /* Main.storyboard */ = {
			isa = PBXVariantGroup;
			children = (
				8BF873B421B306840041CCF1 /* Base */,
			);
			name = Main.storyboard;
			sourceTree = "<group>";
		};
		8BF873B821B306880041CCF1 /* LaunchScreen.storyboard */ = {
			isa = PBXVariantGroup;
			children = (
				8BF873B921B306880041CCF1 /* Base */,
			);
			name = LaunchScreen.storyboard;
			sourceTree = "<group>";
		};
/* End PBXVariantGroup section */

/* Begin XCBuildConfiguration section */
		8BF873D221B306880041CCF1 /* Debug */ = {
			isa = XCBuildConfiguration;
			buildSettings = {
				ALWAYS_SEARCH_USER_PATHS = NO;
				CLANG_ANALYZER_NONNULL = YES;
				CLANG_ANALYZER_NUMBER_OBJECT_CONVERSION = YES_AGGRESSIVE;
				CLANG_CXX_LANGUAGE_STANDARD = "gnu++14";
				CLANG_CXX_LIBRARY = "libc++";
				CLANG_ENABLE_MODULES = YES;
				CLANG_ENABLE_OBJC_ARC = YES;
				CLANG_ENABLE_OBJC_WEAK = YES;
				CLANG_WARN_BLOCK_CAPTURE_AUTORELEASING = YES;
				CLANG_WARN_BOOL_CONVERSION = YES;
				CLANG_WARN_COMMA = YES;
				CLANG_WARN_CONSTANT_CONVERSION = YES;
				CLANG_WARN_DEPRECATED_OBJC_IMPLEMENTATIONS = YES;
				CLANG_WARN_DIRECT_OBJC_ISA_USAGE = YES_ERROR;
				CLANG_WARN_DOCUMENTATION_COMMENTS = YES;
				CLANG_WARN_EMPTY_BODY = YES;
				CLANG_WARN_ENUM_CONVERSION = YES;
				CLANG_WARN_INFINITE_RECURSION = YES;
				CLANG_WARN_INT_CONVERSION = YES;
				CLANG_WARN_NON_LITERAL_NULL_CONVERSION = YES;
				CLANG_WARN_OBJC_IMPLICIT_RETAIN_SELF = YES;
				CLANG_WARN_OBJC_LITERAL_CONVERSION = YES;
				CLANG_WARN_OBJC_ROOT_CLASS = YES_ERROR;
				CLANG_WARN_RANGE_LOOP_ANALYSIS = YES;
				CLANG_WARN_STRICT_PROTOTYPES = YES;
				CLANG_WARN_SUSPICIOUS_MOVE = YES;
				CLANG_WARN_UNGUARDED_AVAILABILITY = YES_AGGRESSIVE;
				CLANG_WARN_UNREACHABLE_CODE = YES;
				CLANG_WARN__DUPLICATE_METHOD_MATCH = YES;
				CODE_SIGN_IDENTITY = "iPhone Developer";
				COPY_PHASE_STRIP = NO;
				DEBUG_INFORMATION_FORMAT = dwarf;
				ENABLE_STRICT_OBJC_MSGSEND = YES;
				ENABLE_TESTABILITY = YES;
				GCC_C_LANGUAGE_STANDARD = gnu11;
				GCC_DYNAMIC_NO_PIC = NO;
				GCC_NO_COMMON_BLOCKS = YES;
				GCC_OPTIMIZATION_LEVEL = 0;
				GCC_PREPROCESSOR_DEFINITIONS = (
					"DEBUG=1",
					"$(inherited)",
				);
				GCC_WARN_64_TO_32_BIT_CONVERSION = YES;
				GCC_WARN_ABOUT_RETURN_TYPE = YES_ERROR;
				GCC_WARN_UNDECLARED_SELECTOR = YES;
				GCC_WARN_UNINITIALIZED_AUTOS = YES_AGGRESSIVE;
				GCC_WARN_UNUSED_FUNCTION = YES;
				GCC_WARN_UNUSED_VARIABLE = YES;
				IPHONEOS_DEPLOYMENT_TARGET = 12.1;
				MTL_ENABLE_DEBUG_INFO = INCLUDE_SOURCE;
				MTL_FAST_MATH = YES;
				ONLY_ACTIVE_ARCH = YES;
				SDKROOT = iphoneos;
				SWIFT_ACTIVE_COMPILATION_CONDITIONS = DEBUG;
				SWIFT_OPTIMIZATION_LEVEL = "-Onone";
			};
			name = Debug;
		};
		8BF873D321B306880041CCF1 /* Release */ = {
			isa = XCBuildConfiguration;
			buildSettings = {
				ALWAYS_SEARCH_USER_PATHS = NO;
				CLANG_ANALYZER_NONNULL = YES;
				CLANG_ANALYZER_NUMBER_OBJECT_CONVERSION = YES_AGGRESSIVE;
				CLANG_CXX_LANGUAGE_STANDARD = "gnu++14";
				CLANG_CXX_LIBRARY = "libc++";
				CLANG_ENABLE_MODULES = YES;
				CLANG_ENABLE_OBJC_ARC = YES;
				CLANG_ENABLE_OBJC_WEAK = YES;
				CLANG_WARN_BLOCK_CAPTURE_AUTORELEASING = YES;
				CLANG_WARN_BOOL_CONVERSION = YES;
				CLANG_WARN_COMMA = YES;
				CLANG_WARN_CONSTANT_CONVERSION = YES;
				CLANG_WARN_DEPRECATED_OBJC_IMPLEMENTATIONS = YES;
				CLANG_WARN_DIRECT_OBJC_ISA_USAGE = YES_ERROR;
				CLANG_WARN_DOCUMENTATION_COMMENTS = YES;
				CLANG_WARN_EMPTY_BODY = YES;
				CLANG_WARN_ENUM_CONVERSION = YES;
				CLANG_WARN_INFINITE_RECURSION = YES;
				CLANG_WARN_INT_CONVERSION = YES;
				CLANG_WARN_NON_LITERAL_NULL_CONVERSION = YES;
				CLANG_WARN_OBJC_IMPLICIT_RETAIN_SELF = YES;
				CLANG_WARN_OBJC_LITERAL_CONVERSION = YES;
				CLANG_WARN_OBJC_ROOT_CLASS = YES_ERROR;
				CLANG_WARN_RANGE_LOOP_ANALYSIS = YES;
				CLANG_WARN_STRICT_PROTOTYPES = YES;
				CLANG_WARN_SUSPICIOUS_MOVE = YES;
				CLANG_WARN_UNGUARDED_AVAILABILITY = YES_AGGRESSIVE;
				CLANG_WARN_UNREACHABLE_CODE = YES;
				CLANG_WARN__DUPLICATE_METHOD_MATCH = YES;
				CODE_SIGN_IDENTITY = "iPhone Developer";
				COPY_PHASE_STRIP = NO;
				DEBUG_INFORMATION_FORMAT = "dwarf-with-dsym";
				ENABLE_NS_ASSERTIONS = NO;
				ENABLE_STRICT_OBJC_MSGSEND = YES;
				GCC_C_LANGUAGE_STANDARD = gnu11;
				GCC_NO_COMMON_BLOCKS = YES;
				GCC_WARN_64_TO_32_BIT_CONVERSION = YES;
				GCC_WARN_ABOUT_RETURN_TYPE = YES_ERROR;
				GCC_WARN_UNDECLARED_SELECTOR = YES;
				GCC_WARN_UNINITIALIZED_AUTOS = YES_AGGRESSIVE;
				GCC_WARN_UNUSED_FUNCTION = YES;
				GCC_WARN_UNUSED_VARIABLE = YES;
				IPHONEOS_DEPLOYMENT_TARGET = 12.1;
				MTL_ENABLE_DEBUG_INFO = NO;
				MTL_FAST_MATH = YES;
				SDKROOT = iphoneos;
				SWIFT_COMPILATION_MODE = wholemodule;
				SWIFT_OPTIMIZATION_LEVEL = "-O";
				VALIDATE_PRODUCT = YES;
			};
			name = Release;
		};
		8BF873D521B306880041CCF1 /* Debug */ = {
			isa = XCBuildConfiguration;
			baseConfigurationReference = ADAA9167BF58ACF2ED925715 /* Pods-Pothole Detector.debug.xcconfig */;
			buildSettings = {
				ASSETCATALOG_COMPILER_APPICON_NAME = AppIcon;
				CODE_SIGN_STYLE = Automatic;
				DEVELOPMENT_TEAM = 7ER3GBSA2U;
				INFOPLIST_FILE = "Pothole Detector/Info.plist";
				LD_RUNPATH_SEARCH_PATHS = (
					"$(inherited)",
					"@executable_path/Frameworks",
				);
				PRODUCT_BUNDLE_IDENTIFIER = "test.Pothole-Detector";
				PRODUCT_NAME = "$(TARGET_NAME)";
				SWIFT_VERSION = 4.2;
				TARGETED_DEVICE_FAMILY = "1,2";
			};
			name = Debug;
		};
		8BF873D621B306880041CCF1 /* Release */ = {
			isa = XCBuildConfiguration;
			baseConfigurationReference = 176FC030822C8922E54BB48B /* Pods-Pothole Detector.release.xcconfig */;
			buildSettings = {
				ASSETCATALOG_COMPILER_APPICON_NAME = AppIcon;
				CODE_SIGN_STYLE = Automatic;
				DEVELOPMENT_TEAM = 7ER3GBSA2U;
				INFOPLIST_FILE = "Pothole Detector/Info.plist";
				LD_RUNPATH_SEARCH_PATHS = (
					"$(inherited)",
					"@executable_path/Frameworks",
				);
				PRODUCT_BUNDLE_IDENTIFIER = "test.Pothole-Detector";
				PRODUCT_NAME = "$(TARGET_NAME)";
				SWIFT_VERSION = 4.2;
				TARGETED_DEVICE_FAMILY = "1,2";
			};
			name = Release;
		};
		8BF873D821B306880041CCF1 /* Debug */ = {
			isa = XCBuildConfiguration;
			baseConfigurationReference = 019102B5942722E4D6F90888 /* Pods-Pothole DetectorTests.debug.xcconfig */;
			buildSettings = {
				ALWAYS_EMBED_SWIFT_STANDARD_LIBRARIES = YES;
				BUNDLE_LOADER = "$(TEST_HOST)";
				CODE_SIGN_STYLE = Automatic;
				DEVELOPMENT_TEAM = 6X5B26J782;
				INFOPLIST_FILE = "Pothole DetectorTests/Info.plist";
				LD_RUNPATH_SEARCH_PATHS = (
					"$(inherited)",
					"@executable_path/Frameworks",
					"@loader_path/Frameworks",
				);
				PRODUCT_BUNDLE_IDENTIFIER = "test.Pothole-DetectorTests";
				PRODUCT_NAME = "$(TARGET_NAME)";
				SWIFT_VERSION = 4.2;
				TARGETED_DEVICE_FAMILY = "1,2";
				TEST_HOST = "$(BUILT_PRODUCTS_DIR)/Pothole Detector.app/Pothole Detector";
			};
			name = Debug;
		};
		8BF873D921B306880041CCF1 /* Release */ = {
			isa = XCBuildConfiguration;
			baseConfigurationReference = 083E09CCAD70ECDC5C1C80AF /* Pods-Pothole DetectorTests.release.xcconfig */;
			buildSettings = {
				ALWAYS_EMBED_SWIFT_STANDARD_LIBRARIES = YES;
				BUNDLE_LOADER = "$(TEST_HOST)";
				CODE_SIGN_STYLE = Automatic;
				DEVELOPMENT_TEAM = 6X5B26J782;
				INFOPLIST_FILE = "Pothole DetectorTests/Info.plist";
				LD_RUNPATH_SEARCH_PATHS = (
					"$(inherited)",
					"@executable_path/Frameworks",
					"@loader_path/Frameworks",
				);
				PRODUCT_BUNDLE_IDENTIFIER = "test.Pothole-DetectorTests";
				PRODUCT_NAME = "$(TARGET_NAME)";
				SWIFT_VERSION = 4.2;
				TARGETED_DEVICE_FAMILY = "1,2";
				TEST_HOST = "$(BUILT_PRODUCTS_DIR)/Pothole Detector.app/Pothole Detector";
			};
			name = Release;
		};
		8BF873DB21B306880041CCF1 /* Debug */ = {
			isa = XCBuildConfiguration;
			baseConfigurationReference = EA483120B5575EB4AE8D4761 /* Pods-Pothole DetectorUITests.debug.xcconfig */;
			buildSettings = {
				ALWAYS_EMBED_SWIFT_STANDARD_LIBRARIES = YES;
				CODE_SIGN_STYLE = Automatic;
				DEVELOPMENT_TEAM = 6X5B26J782;
				INFOPLIST_FILE = "Pothole DetectorUITests/Info.plist";
				LD_RUNPATH_SEARCH_PATHS = (
					"$(inherited)",
					"@executable_path/Frameworks",
					"@loader_path/Frameworks",
				);
				PRODUCT_BUNDLE_IDENTIFIER = "test.Pothole-DetectorUITests";
				PRODUCT_NAME = "$(TARGET_NAME)";
				SWIFT_VERSION = 4.2;
				TARGETED_DEVICE_FAMILY = "1,2";
				TEST_TARGET_NAME = "Pothole Detector";
			};
			name = Debug;
		};
		8BF873DC21B306880041CCF1 /* Release */ = {
			isa = XCBuildConfiguration;
			baseConfigurationReference = 84F8B135ACF7FDB375434C87 /* Pods-Pothole DetectorUITests.release.xcconfig */;
			buildSettings = {
				ALWAYS_EMBED_SWIFT_STANDARD_LIBRARIES = YES;
				CODE_SIGN_STYLE = Automatic;
				DEVELOPMENT_TEAM = 6X5B26J782;
				INFOPLIST_FILE = "Pothole DetectorUITests/Info.plist";
				LD_RUNPATH_SEARCH_PATHS = (
					"$(inherited)",
					"@executable_path/Frameworks",
					"@loader_path/Frameworks",
				);
				PRODUCT_BUNDLE_IDENTIFIER = "test.Pothole-DetectorUITests";
				PRODUCT_NAME = "$(TARGET_NAME)";
				SWIFT_VERSION = 4.2;
				TARGETED_DEVICE_FAMILY = "1,2";
				TEST_TARGET_NAME = "Pothole Detector";
			};
			name = Release;
		};
/* End XCBuildConfiguration section */

/* Begin XCConfigurationList section */
		8BF873A721B306840041CCF1 /* Build configuration list for PBXProject "Pothole Detector" */ = {
			isa = XCConfigurationList;
			buildConfigurations = (
				8BF873D221B306880041CCF1 /* Debug */,
				8BF873D321B306880041CCF1 /* Release */,
			);
			defaultConfigurationIsVisible = 0;
			defaultConfigurationName = Release;
		};
		8BF873D421B306880041CCF1 /* Build configuration list for PBXNativeTarget "Pothole Detector" */ = {
			isa = XCConfigurationList;
			buildConfigurations = (
				8BF873D521B306880041CCF1 /* Debug */,
				8BF873D621B306880041CCF1 /* Release */,
			);
			defaultConfigurationIsVisible = 0;
			defaultConfigurationName = Release;
		};
		8BF873D721B306880041CCF1 /* Build configuration list for PBXNativeTarget "Pothole DetectorTests" */ = {
			isa = XCConfigurationList;
			buildConfigurations = (
				8BF873D821B306880041CCF1 /* Debug */,
				8BF873D921B306880041CCF1 /* Release */,
			);
			defaultConfigurationIsVisible = 0;
			defaultConfigurationName = Release;
		};
		8BF873DA21B306880041CCF1 /* Build configuration list for PBXNativeTarget "Pothole DetectorUITests" */ = {
			isa = XCConfigurationList;
			buildConfigurations = (
				8BF873DB21B306880041CCF1 /* Debug */,
				8BF873DC21B306880041CCF1 /* Release */,
			);
			defaultConfigurationIsVisible = 0;
			defaultConfigurationName = Release;
		};
/* End XCConfigurationList section */
	};
	rootObject = 8BF873A421B306840041CCF1 /* Project object */;
}
